// !$*UTF8*$!
{
	archiveVersion = 1;
	classes = {
	};
	objectVersion = 48;
	objects = {

/* Begin PBXBuildFile section */
		11ED469CFA2987FC2B404A4C /* Pods_tl_media_iosTests.framework in Frameworks */ = {isa = PBXBuildFile; fileRef = 727D43A7E07D974A9AAC11B1 /* Pods_tl_media_iosTests.framework */; };
		4108492F1FE8BCBD0063502E /* ArticleHeaderModel.swift in Sources */ = {isa = PBXBuildFile; fileRef = 4108492E1FE8BCBD0063502E /* ArticleHeaderModel.swift */; };
		410D2EAA2005AA2C0090BBB7 /* HomeArticleDetail+CollectionView.swift in Sources */ = {isa = PBXBuildFile; fileRef = 410D2EA92005AA2C0090BBB7 /* HomeArticleDetail+CollectionView.swift */; };
		410D2EAC2005AD1C0090BBB7 /* HomeArticleDetailCell.swift in Sources */ = {isa = PBXBuildFile; fileRef = 410D2EAB2005AD1C0090BBB7 /* HomeArticleDetailCell.swift */; };
		410DA61E1FE23A770074C321 /* MusicPlayerTransitionAnimation.swift in Sources */ = {isa = PBXBuildFile; fileRef = 410DA61D1FE23A770074C321 /* MusicPlayerTransitionAnimation.swift */; };
		410FBA2A1FE220C300A9BFA1 /* HomeViewController.swift in Sources */ = {isa = PBXBuildFile; fileRef = 410FBA291FE220C300A9BFA1 /* HomeViewController.swift */; };
		41109AC51FCBBF6800AFC05E /* VoiceArticle.swift in Sources */ = {isa = PBXBuildFile; fileRef = 41109AC41FCBBF6800AFC05E /* VoiceArticle.swift */; };
		4112FCD21FC2C34E00D8C2AF /* AppDelegate.swift in Sources */ = {isa = PBXBuildFile; fileRef = 4112FCD11FC2C34E00D8C2AF /* AppDelegate.swift */; };
		4112FCD71FC2C34E00D8C2AF /* HOME.storyboard in Resources */ = {isa = PBXBuildFile; fileRef = 4112FCD51FC2C34E00D8C2AF /* HOME.storyboard */; };
		4112FCD91FC2C34E00D8C2AF /* Assets.xcassets in Resources */ = {isa = PBXBuildFile; fileRef = 4112FCD81FC2C34E00D8C2AF /* Assets.xcassets */; };
		4112FCDC1FC2C34E00D8C2AF /* LaunchScreen.storyboard in Resources */ = {isa = PBXBuildFile; fileRef = 4112FCDA1FC2C34E00D8C2AF /* LaunchScreen.storyboard */; };
		4112FCE71FC2C34E00D8C2AF /* tl_media_iosTests.swift in Sources */ = {isa = PBXBuildFile; fileRef = 4112FCE61FC2C34E00D8C2AF /* tl_media_iosTests.swift */; };
		4112FCF21FC2C34E00D8C2AF /* tl_media_iosUITests.swift in Sources */ = {isa = PBXBuildFile; fileRef = 4112FCF11FC2C34E00D8C2AF /* tl_media_iosUITests.swift */; };
		4116C1311FFE015A00F74946 /* LoginController.swift in Sources */ = {isa = PBXBuildFile; fileRef = 4116C1301FFE015A00F74946 /* LoginController.swift */; };
		4116C1331FFE170900F74946 /* TrainingBaseController.swift in Sources */ = {isa = PBXBuildFile; fileRef = 4116C1321FFE170900F74946 /* TrainingBaseController.swift */; };
		412483321FFDBC90001D1A2C /* LOGIN.storyboard in Resources */ = {isa = PBXBuildFile; fileRef = 412483311FFDBC90001D1A2C /* LOGIN.storyboard */; };
		412483351FFDBD38001D1A2C /* ListenController.swift in Sources */ = {isa = PBXBuildFile; fileRef = 412483341FFDBD38001D1A2C /* ListenController.swift */; };
		412483371FFDEC81001D1A2C /* DownloadController.swift in Sources */ = {isa = PBXBuildFile; fileRef = 412483361FFDEC81001D1A2C /* DownloadController.swift */; };
		412483391FFDEC8C001D1A2C /* BuyController.swift in Sources */ = {isa = PBXBuildFile; fileRef = 412483381FFDEC8C001D1A2C /* BuyController.swift */; };
		412CD2B21FE3CB120093D64B /* Home+Audio.swift in Sources */ = {isa = PBXBuildFile; fileRef = 412CD2B11FE3CB120093D64B /* Home+Audio.swift */; };
		4138698A1FCBDB7200DF5CD7 /* CategorySection.swift in Sources */ = {isa = PBXBuildFile; fileRef = 413869891FCBDB7200DF5CD7 /* CategorySection.swift */; };
		4138698D1FCC1F0400DF5CD7 /* NewCollectionView.swift in Sources */ = {isa = PBXBuildFile; fileRef = 4138698C1FCC1F0400DF5CD7 /* NewCollectionView.swift */; };
		413869901FCC22C800DF5CD7 /* NEW.storyboard in Resources */ = {isa = PBXBuildFile; fileRef = 4138698E1FCC22C800DF5CD7 /* NEW.storyboard */; };
		413E2B811FCCE05700E25686 /* SEARCH.storyboard in Resources */ = {isa = PBXBuildFile; fileRef = 413E2B801FCCE05700E25686 /* SEARCH.storyboard */; };
		413E2B841FCCE06F00E25686 /* RANKING.storyboard in Resources */ = {isa = PBXBuildFile; fileRef = 413E2B821FCCE06F00E25686 /* RANKING.storyboard */; };
		413E2B861FCCE08400E25686 /* HISTORY.storyboard in Resources */ = {isa = PBXBuildFile; fileRef = 413E2B851FCCE08400E25686 /* HISTORY.storyboard */; };
		413E2B8D1FCD3EDA00E25686 /* Home+Networking.swift in Sources */ = {isa = PBXBuildFile; fileRef = 413E2B8C1FCD3EDA00E25686 /* Home+Networking.swift */; };
		4164FF972032C11A00EECBF3 /* ArticleDetailElements.swift in Sources */ = {isa = PBXBuildFile; fileRef = 4164FF962032C11A00EECBF3 /* ArticleDetailElements.swift */; };
		4164FF992032C44900EECBF3 /* HomeArticleDetailController+Delegates.swift in Sources */ = {isa = PBXBuildFile; fileRef = 4164FF982032C44900EECBF3 /* HomeArticleDetailController+Delegates.swift */; };
		4164FF9B2032C96200EECBF3 /* ArticleElementsView.swift in Sources */ = {isa = PBXBuildFile; fileRef = 4164FF9A2032C96200EECBF3 /* ArticleElementsView.swift */; };
		4164FF9D2032CA6A00EECBF3 /* HomeArticleSentenceCell.swift in Sources */ = {isa = PBXBuildFile; fileRef = 4164FF9C2032CA6A00EECBF3 /* HomeArticleSentenceCell.swift */; };
		4164FFA02032CE0F00EECBF3 /* ImageElementCell.swift in Sources */ = {isa = PBXBuildFile; fileRef = 4164FF9F2032CE0F00EECBF3 /* ImageElementCell.swift */; };
		416992CF2008A45500EEEC56 /* HomeRootViewController.swift in Sources */ = {isa = PBXBuildFile; fileRef = 416992CE2008A45500EEEC56 /* HomeRootViewController.swift */; };
		416992D12008A69E00EEEC56 /* HomeRootViewArticleCell.swift in Sources */ = {isa = PBXBuildFile; fileRef = 416992D02008A69E00EEEC56 /* HomeRootViewArticleCell.swift */; };
		4174389C200C45BF00B56C19 /* VoiceArticleView.swift in Sources */ = {isa = PBXBuildFile; fileRef = 4174389B200C45BF00B56C19 /* VoiceArticleView.swift */; };
		4174389E200C736D00B56C19 /* HomeRootTabiLaboFamilyCell.swift in Sources */ = {isa = PBXBuildFile; fileRef = 4174389D200C736D00B56C19 /* HomeRootTabiLaboFamilyCell.swift */; };
		417438A0200C83F200B56C19 /* HomeRootCategoryCell.swift in Sources */ = {isa = PBXBuildFile; fileRef = 4174389F200C83F200B56C19 /* HomeRootCategoryCell.swift */; };
		417885C11FD50C27008F4B8E /* Protocols.swift in Sources */ = {isa = PBXBuildFile; fileRef = 417885C01FD50C27008F4B8E /* Protocols.swift */; };
		417885C31FD50CC4008F4B8E /* ArticleModel.swift in Sources */ = {isa = PBXBuildFile; fileRef = 417885C21FD50CC4008F4B8E /* ArticleModel.swift */; };
		417885C91FD53F9F008F4B8E /* VoiceArticleCell.swift in Sources */ = {isa = PBXBuildFile; fileRef = 417885C81FD53F9F008F4B8E /* VoiceArticleCell.swift */; };
		417D5DBA1FE79BEE00E4AB48 /* Trash_HomeAudioChatController.swift in Sources */ = {isa = PBXBuildFile; fileRef = 417D5DB91FE79BEE00E4AB48 /* Trash_HomeAudioChatController.swift */; };
		41802DB11FEA6C0E0094EF4A /* Home+AudioChatPerson.swift in Sources */ = {isa = PBXBuildFile; fileRef = 41802DB01FEA6C0E0094EF4A /* Home+AudioChatPerson.swift */; };
		41914C5A2033D7EE00222279 /* ArticleView.swift in Sources */ = {isa = PBXBuildFile; fileRef = 41914C592033D7EE00222279 /* ArticleView.swift */; };
		419FA56B1FCE9B2800354CC3 /* ArticleContentModel.swift in Sources */ = {isa = PBXBuildFile; fileRef = 419FA56A1FCE9B2800354CC3 /* ArticleContentModel.swift */; };
		41A034B01FFF182000176A0E /* Bolts.framework in Frameworks */ = {isa = PBXBuildFile; fileRef = 41A034B41FFF182000176A0E /* Bolts.framework */; };
		41A034B11FFF182000176A0E /* FBSDKCoreKit.framework in Frameworks */ = {isa = PBXBuildFile; fileRef = 41A034B51FFF182000176A0E /* FBSDKCoreKit.framework */; };
		41A034B21FFF182000176A0E /* FBSDKLoginKit.framework in Frameworks */ = {isa = PBXBuildFile; fileRef = 41A034B61FFF182000176A0E /* FBSDKLoginKit.framework */; };
		41A034B31FFF182000176A0E /* FBSDKShareKit.framework in Frameworks */ = {isa = PBXBuildFile; fileRef = 41A034B71FFF182000176A0E /* FBSDKShareKit.framework */; };
		41A034B91FFF201E00176A0E /* FacebookService.swift in Sources */ = {isa = PBXBuildFile; fileRef = 41A034B81FFF201E00176A0E /* FacebookService.swift */; };
		41C3E8792004514000A7B89F /* HomeArticleDetailController.swift in Sources */ = {isa = PBXBuildFile; fileRef = 41C3E8782004514000A7B89F /* HomeArticleDetailController.swift */; };
		41C3E87C2004607200A7B89F /* Trash_ArticleDetailModel.swift in Sources */ = {isa = PBXBuildFile; fileRef = 41C3E87B2004607200A7B89F /* Trash_ArticleDetailModel.swift */; };
		41D667AF1FE362C900721CD9 /* Trash_HomeRoot+CollectionView.swift in Sources */ = {isa = PBXBuildFile; fileRef = 41D667AE1FE362C900721CD9 /* Trash_HomeRoot+CollectionView.swift */; };
		41D667B11FE3633500721CD9 /* Trash_HomeRoot+Delegation.swift in Sources */ = {isa = PBXBuildFile; fileRef = 41D667B01FE3633500721CD9 /* Trash_HomeRoot+Delegation.swift */; };
		41D7D51C1FE25A7E006B8E77 /* Trash_HomeRootController.swift in Sources */ = {isa = PBXBuildFile; fileRef = 41D7D51B1FE25A7E006B8E77 /* Trash_HomeRootController.swift */; };
		41D7D5211FE26B17006B8E77 /* HomeModalController.swift in Sources */ = {isa = PBXBuildFile; fileRef = 41D7D5201FE26B17006B8E77 /* HomeModalController.swift */; };
		41DD369F1FE8FCD100836225 /* AudioToolBar.swift in Sources */ = {isa = PBXBuildFile; fileRef = 41DD369E1FE8FCD100836225 /* AudioToolBar.swift */; };
		41E122912022AE5000C86E3E /* HeadlineArticleView.swift in Sources */ = {isa = PBXBuildFile; fileRef = 41E122902022AE5000C86E3E /* HeadlineArticleView.swift */; };
		41E122952022B45A00C86E3E /* HomeRootHeadlineArticleCell.swift in Sources */ = {isa = PBXBuildFile; fileRef = 41E122942022B45A00C86E3E /* HomeRootHeadlineArticleCell.swift */; };
		41F356C91FC2CC2B003F65FD /* HelperUtility.swift in Sources */ = {isa = PBXBuildFile; fileRef = 41F356C81FC2CC2B003F65FD /* HelperUtility.swift */; };
		41FD31961FC3B6AE00D1DBF6 /* CategoryCell.swift in Sources */ = {isa = PBXBuildFile; fileRef = 41FD31951FC3B6AE00D1DBF6 /* CategoryCell.swift */; };
		41FD319A1FC3C85B00D1DBF6 /* TabiLaboFamilySection.swift in Sources */ = {isa = PBXBuildFile; fileRef = 41FD31991FC3C85B00D1DBF6 /* TabiLaboFamilySection.swift */; };
		41FD319C1FC3C9AD00D1DBF6 /* TLFamilyCell.swift in Sources */ = {isa = PBXBuildFile; fileRef = 41FD319B1FC3C9AD00D1DBF6 /* TLFamilyCell.swift */; };
		8514F5DE97A7FDED6C2AC2F4 /* Pods_tl_media_ios.framework in Frameworks */ = {isa = PBXBuildFile; fileRef = 94CD71B8A4500C2C33CD29E6 /* Pods_tl_media_ios.framework */; };
		F3CA6400A1919CE6D803DFFE /* Pods_tl_media_iosUITests.framework in Frameworks */ = {isa = PBXBuildFile; fileRef = 197F37250D291BF2FE098EEE /* Pods_tl_media_iosUITests.framework */; };
/* End PBXBuildFile section */

/* Begin PBXContainerItemProxy section */
		4112FCE31FC2C34E00D8C2AF /* PBXContainerItemProxy */ = {
			isa = PBXContainerItemProxy;
			containerPortal = 4112FCC61FC2C34E00D8C2AF /* Project object */;
			proxyType = 1;
			remoteGlobalIDString = 4112FCCD1FC2C34E00D8C2AF;
			remoteInfo = "tl-media-ios";
		};
		4112FCEE1FC2C34E00D8C2AF /* PBXContainerItemProxy */ = {
			isa = PBXContainerItemProxy;
			containerPortal = 4112FCC61FC2C34E00D8C2AF /* Project object */;
			proxyType = 1;
			remoteGlobalIDString = 4112FCCD1FC2C34E00D8C2AF;
			remoteInfo = "tl-media-ios";
		};
/* End PBXContainerItemProxy section */

/* Begin PBXCopyFilesBuildPhase section */
		412DFD331FD65E36003FF906 /* Embed App Extensions */ = {
			isa = PBXCopyFilesBuildPhase;
			buildActionMask = 2147483647;
			dstPath = "";
			dstSubfolderSpec = 13;
			files = (
			);
			name = "Embed App Extensions";
			runOnlyForDeploymentPostprocessing = 0;
		};
/* End PBXCopyFilesBuildPhase section */

/* Begin PBXFileReference section */
		0D24CB4AB7AC9191D0478A8D /* Pods-tl-media-iosUITests.debug.xcconfig */ = {isa = PBXFileReference; includeInIndex = 1; lastKnownFileType = text.xcconfig; name = "Pods-tl-media-iosUITests.debug.xcconfig"; path = "Pods/Target Support Files/Pods-tl-media-iosUITests/Pods-tl-media-iosUITests.debug.xcconfig"; sourceTree = "<group>"; };
		197F37250D291BF2FE098EEE /* Pods_tl_media_iosUITests.framework */ = {isa = PBXFileReference; explicitFileType = wrapper.framework; includeInIndex = 0; path = Pods_tl_media_iosUITests.framework; sourceTree = BUILT_PRODUCTS_DIR; };
		1BA25A7CC203BC4C21D35857 /* Pods-tl-media-iosUITests.release.xcconfig */ = {isa = PBXFileReference; includeInIndex = 1; lastKnownFileType = text.xcconfig; name = "Pods-tl-media-iosUITests.release.xcconfig"; path = "Pods/Target Support Files/Pods-tl-media-iosUITests/Pods-tl-media-iosUITests.release.xcconfig"; sourceTree = "<group>"; };
		4108492E1FE8BCBD0063502E /* ArticleHeaderModel.swift */ = {isa = PBXFileReference; lastKnownFileType = sourcecode.swift; path = ArticleHeaderModel.swift; sourceTree = "<group>"; };
		410D2EA92005AA2C0090BBB7 /* HomeArticleDetail+CollectionView.swift */ = {isa = PBXFileReference; lastKnownFileType = sourcecode.swift; path = "HomeArticleDetail+CollectionView.swift"; sourceTree = "<group>"; };
		410D2EAB2005AD1C0090BBB7 /* HomeArticleDetailCell.swift */ = {isa = PBXFileReference; lastKnownFileType = sourcecode.swift; path = HomeArticleDetailCell.swift; sourceTree = "<group>"; };
		410DA61D1FE23A770074C321 /* MusicPlayerTransitionAnimation.swift */ = {isa = PBXFileReference; fileEncoding = 4; lastKnownFileType = sourcecode.swift; path = MusicPlayerTransitionAnimation.swift; sourceTree = "<group>"; };
		410FBA291FE220C300A9BFA1 /* HomeViewController.swift */ = {isa = PBXFileReference; lastKnownFileType = sourcecode.swift; path = HomeViewController.swift; sourceTree = "<group>"; };
		41109AC41FCBBF6800AFC05E /* VoiceArticle.swift */ = {isa = PBXFileReference; lastKnownFileType = sourcecode.swift; path = VoiceArticle.swift; sourceTree = "<group>"; };
		4112FCCE1FC2C34E00D8C2AF /* tl-media-ios.app */ = {isa = PBXFileReference; explicitFileType = wrapper.application; includeInIndex = 0; path = "tl-media-ios.app"; sourceTree = BUILT_PRODUCTS_DIR; };
		4112FCD11FC2C34E00D8C2AF /* AppDelegate.swift */ = {isa = PBXFileReference; lastKnownFileType = sourcecode.swift; path = AppDelegate.swift; sourceTree = "<group>"; };
		4112FCD61FC2C34E00D8C2AF /* Base */ = {isa = PBXFileReference; lastKnownFileType = file.storyboard; name = Base; path = Base.lproj/HOME.storyboard; sourceTree = "<group>"; };
		4112FCD81FC2C34E00D8C2AF /* Assets.xcassets */ = {isa = PBXFileReference; lastKnownFileType = folder.assetcatalog; path = Assets.xcassets; sourceTree = "<group>"; };
		4112FCDB1FC2C34E00D8C2AF /* Base */ = {isa = PBXFileReference; lastKnownFileType = file.storyboard; name = Base; path = Base.lproj/LaunchScreen.storyboard; sourceTree = "<group>"; };
		4112FCE21FC2C34E00D8C2AF /* tl-media-iosTests.xctest */ = {isa = PBXFileReference; explicitFileType = wrapper.cfbundle; includeInIndex = 0; path = "tl-media-iosTests.xctest"; sourceTree = BUILT_PRODUCTS_DIR; };
		4112FCE61FC2C34E00D8C2AF /* tl_media_iosTests.swift */ = {isa = PBXFileReference; lastKnownFileType = sourcecode.swift; path = tl_media_iosTests.swift; sourceTree = "<group>"; };
		4112FCE81FC2C34E00D8C2AF /* Info.plist */ = {isa = PBXFileReference; lastKnownFileType = text.plist.xml; path = Info.plist; sourceTree = "<group>"; };
		4112FCED1FC2C34E00D8C2AF /* tl-media-iosUITests.xctest */ = {isa = PBXFileReference; explicitFileType = wrapper.cfbundle; includeInIndex = 0; path = "tl-media-iosUITests.xctest"; sourceTree = BUILT_PRODUCTS_DIR; };
		4112FCF11FC2C34E00D8C2AF /* tl_media_iosUITests.swift */ = {isa = PBXFileReference; lastKnownFileType = sourcecode.swift; path = tl_media_iosUITests.swift; sourceTree = "<group>"; };
		4112FCF31FC2C34E00D8C2AF /* Info.plist */ = {isa = PBXFileReference; lastKnownFileType = text.plist.xml; path = Info.plist; sourceTree = "<group>"; };
		4116C1301FFE015A00F74946 /* LoginController.swift */ = {isa = PBXFileReference; lastKnownFileType = sourcecode.swift; path = LoginController.swift; sourceTree = "<group>"; };
		4116C1321FFE170900F74946 /* TrainingBaseController.swift */ = {isa = PBXFileReference; lastKnownFileType = sourcecode.swift; path = TrainingBaseController.swift; sourceTree = "<group>"; };
		412483311FFDBC90001D1A2C /* LOGIN.storyboard */ = {isa = PBXFileReference; lastKnownFileType = file.storyboard; path = LOGIN.storyboard; sourceTree = "<group>"; };
		412483341FFDBD38001D1A2C /* ListenController.swift */ = {isa = PBXFileReference; lastKnownFileType = sourcecode.swift; path = ListenController.swift; sourceTree = "<group>"; };
		412483361FFDEC81001D1A2C /* DownloadController.swift */ = {isa = PBXFileReference; lastKnownFileType = sourcecode.swift; path = DownloadController.swift; sourceTree = "<group>"; };
		412483381FFDEC8C001D1A2C /* BuyController.swift */ = {isa = PBXFileReference; lastKnownFileType = sourcecode.swift; path = BuyController.swift; sourceTree = "<group>"; };
		412CD2B11FE3CB120093D64B /* Home+Audio.swift */ = {isa = PBXFileReference; lastKnownFileType = sourcecode.swift; path = "Home+Audio.swift"; sourceTree = "<group>"; };
		412DFD221FD65E36003FF906 /* Messages.framework */ = {isa = PBXFileReference; lastKnownFileType = wrapper.framework; name = Messages.framework; path = System/Library/Frameworks/Messages.framework; sourceTree = SDKROOT; };
		413869891FCBDB7200DF5CD7 /* CategorySection.swift */ = {isa = PBXFileReference; lastKnownFileType = sourcecode.swift; path = CategorySection.swift; sourceTree = "<group>"; };
		4138698C1FCC1F0400DF5CD7 /* NewCollectionView.swift */ = {isa = PBXFileReference; lastKnownFileType = sourcecode.swift; path = NewCollectionView.swift; sourceTree = "<group>"; };
		4138698F1FCC22C800DF5CD7 /* Base */ = {isa = PBXFileReference; lastKnownFileType = file.storyboard; name = Base; path = "tl-media-ios/Views/Base.lproj/NEW.storyboard"; sourceTree = "<group>"; };
		413E2B801FCCE05700E25686 /* SEARCH.storyboard */ = {isa = PBXFileReference; fileEncoding = 4; lastKnownFileType = file.storyboard; path = SEARCH.storyboard; sourceTree = "<group>"; };
		413E2B831FCCE06F00E25686 /* Base */ = {isa = PBXFileReference; lastKnownFileType = file.storyboard; name = Base; path = "tl-media-ios/Views/Base.lproj/RANKING.storyboard"; sourceTree = "<group>"; };
		413E2B851FCCE08400E25686 /* HISTORY.storyboard */ = {isa = PBXFileReference; fileEncoding = 4; lastKnownFileType = file.storyboard; path = HISTORY.storyboard; sourceTree = "<group>"; };
		413E2B8C1FCD3EDA00E25686 /* Home+Networking.swift */ = {isa = PBXFileReference; lastKnownFileType = sourcecode.swift; path = "Home+Networking.swift"; sourceTree = "<group>"; };
		413E2B911FCD449700E25686 /* Info.plist */ = {isa = PBXFileReference; fileEncoding = 4; lastKnownFileType = text.plist.xml; name = Info.plist; path = "tl-media-ios/Info.plist"; sourceTree = SOURCE_ROOT; };
		4164FF962032C11A00EECBF3 /* ArticleDetailElements.swift */ = {isa = PBXFileReference; lastKnownFileType = sourcecode.swift; path = ArticleDetailElements.swift; sourceTree = "<group>"; };
		4164FF982032C44900EECBF3 /* HomeArticleDetailController+Delegates.swift */ = {isa = PBXFileReference; lastKnownFileType = sourcecode.swift; path = "HomeArticleDetailController+Delegates.swift"; sourceTree = "<group>"; };
		4164FF9A2032C96200EECBF3 /* ArticleElementsView.swift */ = {isa = PBXFileReference; lastKnownFileType = sourcecode.swift; path = ArticleElementsView.swift; sourceTree = "<group>"; };
		4164FF9C2032CA6A00EECBF3 /* HomeArticleSentenceCell.swift */ = {isa = PBXFileReference; lastKnownFileType = sourcecode.swift; path = HomeArticleSentenceCell.swift; sourceTree = "<group>"; };
		4164FF9F2032CE0F00EECBF3 /* ImageElementCell.swift */ = {isa = PBXFileReference; lastKnownFileType = sourcecode.swift; path = ImageElementCell.swift; sourceTree = "<group>"; };
		416992CE2008A45500EEEC56 /* HomeRootViewController.swift */ = {isa = PBXFileReference; lastKnownFileType = sourcecode.swift; path = HomeRootViewController.swift; sourceTree = "<group>"; };
		416992D02008A69E00EEEC56 /* HomeRootViewArticleCell.swift */ = {isa = PBXFileReference; lastKnownFileType = sourcecode.swift; path = HomeRootViewArticleCell.swift; sourceTree = "<group>"; };
		4174389B200C45BF00B56C19 /* VoiceArticleView.swift */ = {isa = PBXFileReference; lastKnownFileType = sourcecode.swift; path = VoiceArticleView.swift; sourceTree = "<group>"; };
		4174389D200C736D00B56C19 /* HomeRootTabiLaboFamilyCell.swift */ = {isa = PBXFileReference; lastKnownFileType = sourcecode.swift; path = HomeRootTabiLaboFamilyCell.swift; sourceTree = "<group>"; };
		4174389F200C83F200B56C19 /* HomeRootCategoryCell.swift */ = {isa = PBXFileReference; lastKnownFileType = sourcecode.swift; path = HomeRootCategoryCell.swift; sourceTree = "<group>"; };
		417885C01FD50C27008F4B8E /* Protocols.swift */ = {isa = PBXFileReference; lastKnownFileType = sourcecode.swift; path = Protocols.swift; sourceTree = "<group>"; };
		417885C21FD50CC4008F4B8E /* ArticleModel.swift */ = {isa = PBXFileReference; lastKnownFileType = sourcecode.swift; path = ArticleModel.swift; sourceTree = "<group>"; };
		417885C81FD53F9F008F4B8E /* VoiceArticleCell.swift */ = {isa = PBXFileReference; lastKnownFileType = sourcecode.swift; path = VoiceArticleCell.swift; sourceTree = "<group>"; };
		417D5DB91FE79BEE00E4AB48 /* Trash_HomeAudioChatController.swift */ = {isa = PBXFileReference; lastKnownFileType = sourcecode.swift; path = Trash_HomeAudioChatController.swift; sourceTree = "<group>"; };
		41802DB01FEA6C0E0094EF4A /* Home+AudioChatPerson.swift */ = {isa = PBXFileReference; lastKnownFileType = sourcecode.swift; path = "Home+AudioChatPerson.swift"; sourceTree = "<group>"; };
		41914C592033D7EE00222279 /* ArticleView.swift */ = {isa = PBXFileReference; lastKnownFileType = sourcecode.swift; path = ArticleView.swift; sourceTree = "<group>"; };
		419FA56A1FCE9B2800354CC3 /* ArticleContentModel.swift */ = {isa = PBXFileReference; lastKnownFileType = sourcecode.swift; path = ArticleContentModel.swift; sourceTree = "<group>"; };
		41A034B41FFF182000176A0E /* Bolts.framework */ = {isa = PBXFileReference; explicitFileType = wrapper.framework; path = Bolts.framework; sourceTree = BUILT_PRODUCTS_DIR; };
		41A034B51FFF182000176A0E /* FBSDKCoreKit.framework */ = {isa = PBXFileReference; explicitFileType = wrapper.framework; path = FBSDKCoreKit.framework; sourceTree = BUILT_PRODUCTS_DIR; };
		41A034B61FFF182000176A0E /* FBSDKLoginKit.framework */ = {isa = PBXFileReference; explicitFileType = wrapper.framework; path = FBSDKLoginKit.framework; sourceTree = BUILT_PRODUCTS_DIR; };
		41A034B71FFF182000176A0E /* FBSDKShareKit.framework */ = {isa = PBXFileReference; explicitFileType = wrapper.framework; path = FBSDKShareKit.framework; sourceTree = BUILT_PRODUCTS_DIR; };
		41A034B81FFF201E00176A0E /* FacebookService.swift */ = {isa = PBXFileReference; lastKnownFileType = sourcecode.swift; path = FacebookService.swift; sourceTree = "<group>"; };
		41C3E8782004514000A7B89F /* HomeArticleDetailController.swift */ = {isa = PBXFileReference; lastKnownFileType = sourcecode.swift; path = HomeArticleDetailController.swift; sourceTree = "<group>"; };
		41C3E87B2004607200A7B89F /* Trash_ArticleDetailModel.swift */ = {isa = PBXFileReference; lastKnownFileType = sourcecode.swift; path = Trash_ArticleDetailModel.swift; sourceTree = "<group>"; };
		41D667AE1FE362C900721CD9 /* Trash_HomeRoot+CollectionView.swift */ = {isa = PBXFileReference; lastKnownFileType = sourcecode.swift; path = "Trash_HomeRoot+CollectionView.swift"; sourceTree = "<group>"; };
		41D667B01FE3633500721CD9 /* Trash_HomeRoot+Delegation.swift */ = {isa = PBXFileReference; lastKnownFileType = sourcecode.swift; path = "Trash_HomeRoot+Delegation.swift"; sourceTree = "<group>"; };
		41D7D51B1FE25A7E006B8E77 /* Trash_HomeRootController.swift */ = {isa = PBXFileReference; lastKnownFileType = sourcecode.swift; path = Trash_HomeRootController.swift; sourceTree = "<group>"; };
		41D7D5201FE26B17006B8E77 /* HomeModalController.swift */ = {isa = PBXFileReference; lastKnownFileType = sourcecode.swift; path = HomeModalController.swift; sourceTree = "<group>"; };
		41DD369E1FE8FCD100836225 /* AudioToolBar.swift */ = {isa = PBXFileReference; lastKnownFileType = sourcecode.swift; path = AudioToolBar.swift; sourceTree = "<group>"; };
		41E122902022AE5000C86E3E /* HeadlineArticleView.swift */ = {isa = PBXFileReference; lastKnownFileType = sourcecode.swift; path = HeadlineArticleView.swift; sourceTree = "<group>"; };
		41E122942022B45A00C86E3E /* HomeRootHeadlineArticleCell.swift */ = {isa = PBXFileReference; lastKnownFileType = sourcecode.swift; path = HomeRootHeadlineArticleCell.swift; sourceTree = "<group>"; };
		41F356C81FC2CC2B003F65FD /* HelperUtility.swift */ = {isa = PBXFileReference; lastKnownFileType = sourcecode.swift; path = HelperUtility.swift; sourceTree = "<group>"; };
		41FD31951FC3B6AE00D1DBF6 /* CategoryCell.swift */ = {isa = PBXFileReference; lastKnownFileType = sourcecode.swift; path = CategoryCell.swift; sourceTree = "<group>"; };
		41FD31991FC3C85B00D1DBF6 /* TabiLaboFamilySection.swift */ = {isa = PBXFileReference; lastKnownFileType = sourcecode.swift; path = TabiLaboFamilySection.swift; sourceTree = "<group>"; };
		41FD319B1FC3C9AD00D1DBF6 /* TLFamilyCell.swift */ = {isa = PBXFileReference; lastKnownFileType = sourcecode.swift; path = TLFamilyCell.swift; sourceTree = "<group>"; };
		4C0B0C71311AB80DFF9A4E76 /* Pods-tl-media-ios.release.xcconfig */ = {isa = PBXFileReference; includeInIndex = 1; lastKnownFileType = text.xcconfig; name = "Pods-tl-media-ios.release.xcconfig"; path = "Pods/Target Support Files/Pods-tl-media-ios/Pods-tl-media-ios.release.xcconfig"; sourceTree = "<group>"; };
		727D43A7E07D974A9AAC11B1 /* Pods_tl_media_iosTests.framework */ = {isa = PBXFileReference; explicitFileType = wrapper.framework; includeInIndex = 0; path = Pods_tl_media_iosTests.framework; sourceTree = BUILT_PRODUCTS_DIR; };
		94CD71B8A4500C2C33CD29E6 /* Pods_tl_media_ios.framework */ = {isa = PBXFileReference; explicitFileType = wrapper.framework; includeInIndex = 0; path = Pods_tl_media_ios.framework; sourceTree = BUILT_PRODUCTS_DIR; };
		9CEBCB116FC18E71A1D274ED /* Pods-tl-media-iosTests.debug.xcconfig */ = {isa = PBXFileReference; includeInIndex = 1; lastKnownFileType = text.xcconfig; name = "Pods-tl-media-iosTests.debug.xcconfig"; path = "Pods/Target Support Files/Pods-tl-media-iosTests/Pods-tl-media-iosTests.debug.xcconfig"; sourceTree = "<group>"; };
		9F1789852B6667A0F028D4AB /* Pods-tl-media-ios.debug.xcconfig */ = {isa = PBXFileReference; includeInIndex = 1; lastKnownFileType = text.xcconfig; name = "Pods-tl-media-ios.debug.xcconfig"; path = "Pods/Target Support Files/Pods-tl-media-ios/Pods-tl-media-ios.debug.xcconfig"; sourceTree = "<group>"; };
		E41A6C64A177A8ABFEE3F2BE /* Pods-tl-media-iosTests.release.xcconfig */ = {isa = PBXFileReference; includeInIndex = 1; lastKnownFileType = text.xcconfig; name = "Pods-tl-media-iosTests.release.xcconfig"; path = "Pods/Target Support Files/Pods-tl-media-iosTests/Pods-tl-media-iosTests.release.xcconfig"; sourceTree = "<group>"; };
/* End PBXFileReference section */

/* Begin PBXFrameworksBuildPhase section */
		4112FCCB1FC2C34E00D8C2AF /* Frameworks */ = {
			isa = PBXFrameworksBuildPhase;
			buildActionMask = 2147483647;
			files = (
				41A034B01FFF182000176A0E /* Bolts.framework in Frameworks */,
				41A034B11FFF182000176A0E /* FBSDKCoreKit.framework in Frameworks */,
				41A034B21FFF182000176A0E /* FBSDKLoginKit.framework in Frameworks */,
				41A034B31FFF182000176A0E /* FBSDKShareKit.framework in Frameworks */,
				8514F5DE97A7FDED6C2AC2F4 /* Pods_tl_media_ios.framework in Frameworks */,
			);
			runOnlyForDeploymentPostprocessing = 0;
		};
		4112FCDF1FC2C34E00D8C2AF /* Frameworks */ = {
			isa = PBXFrameworksBuildPhase;
			buildActionMask = 2147483647;
			files = (
				11ED469CFA2987FC2B404A4C /* Pods_tl_media_iosTests.framework in Frameworks */,
			);
			runOnlyForDeploymentPostprocessing = 0;
		};
		4112FCEA1FC2C34E00D8C2AF /* Frameworks */ = {
			isa = PBXFrameworksBuildPhase;
			buildActionMask = 2147483647;
			files = (
				F3CA6400A1919CE6D803DFFE /* Pods_tl_media_iosUITests.framework in Frameworks */,
			);
			runOnlyForDeploymentPostprocessing = 0;
		};
/* End PBXFrameworksBuildPhase section */

/* Begin PBXGroup section */
		07461B180CE130E6C7C711BB /* Pods */ = {
			isa = PBXGroup;
			children = (
				9F1789852B6667A0F028D4AB /* Pods-tl-media-ios.debug.xcconfig */,
				4C0B0C71311AB80DFF9A4E76 /* Pods-tl-media-ios.release.xcconfig */,
				9CEBCB116FC18E71A1D274ED /* Pods-tl-media-iosTests.debug.xcconfig */,
				E41A6C64A177A8ABFEE3F2BE /* Pods-tl-media-iosTests.release.xcconfig */,
				0D24CB4AB7AC9191D0478A8D /* Pods-tl-media-iosUITests.debug.xcconfig */,
				1BA25A7CC203BC4C21D35857 /* Pods-tl-media-iosUITests.release.xcconfig */,
			);
			name = Pods;
			sourceTree = "<group>";
		};
		410FBA2B1FE234B700A9BFA1 /* API LIBRARIES */ = {
			isa = PBXGroup;
			children = (
				410DA61D1FE23A770074C321 /* MusicPlayerTransitionAnimation.swift */,
			);
			path = "API LIBRARIES";
			sourceTree = "<group>";
		};
		41109AC61FCBC09A00AFC05E /* Section */ = {
			isa = PBXGroup;
			children = (
				41109AC41FCBBF6800AFC05E /* VoiceArticle.swift */,
				41FD31991FC3C85B00D1DBF6 /* TabiLaboFamilySection.swift */,
				413869891FCBDB7200DF5CD7 /* CategorySection.swift */,
			);
			path = Section;
			sourceTree = "<group>";
		};
		41109AC71FCBC0A200AFC05E /* Cell */ = {
			isa = PBXGroup;
			children = (
				417885C81FD53F9F008F4B8E /* VoiceArticleCell.swift */,
				41FD319B1FC3C9AD00D1DBF6 /* TLFamilyCell.swift */,
				41FD31951FC3B6AE00D1DBF6 /* CategoryCell.swift */,
			);
			path = Cell;
			sourceTree = "<group>";
		};
		4112FCC51FC2C34E00D8C2AF = {
			isa = PBXGroup;
			children = (
				4112FCD01FC2C34E00D8C2AF /* tl-media-ios */,
				4112FCE51FC2C34E00D8C2AF /* tl-media-iosTests */,
				4112FCF01FC2C34E00D8C2AF /* tl-media-iosUITests */,
				4112FCCF1FC2C34E00D8C2AF /* Products */,
				07461B180CE130E6C7C711BB /* Pods */,
				565CE3B341A86D20FAA4C2D6 /* Frameworks */,
			);
			sourceTree = "<group>";
		};
		4112FCCF1FC2C34E00D8C2AF /* Products */ = {
			isa = PBXGroup;
			children = (
				4112FCCE1FC2C34E00D8C2AF /* tl-media-ios.app */,
				4112FCE21FC2C34E00D8C2AF /* tl-media-iosTests.xctest */,
				4112FCED1FC2C34E00D8C2AF /* tl-media-iosUITests.xctest */,
			);
			name = Products;
			sourceTree = "<group>";
		};
		4112FCD01FC2C34E00D8C2AF /* tl-media-ios */ = {
			isa = PBXGroup;
			children = (
				41F0082A2006FC08000C4F18 /* MOVE_TO_TRASH */,
				41949F002010807E008C7747 /* PROTOCOLS */,
				410FBA2B1FE234B700A9BFA1 /* API LIBRARIES */,
				41F356C71FC2CC0D003F65FD /* HELPER UTILITY */,
				4112FD001FC2C36E00D8C2AF /* Features */,
				4112FD011FC2C38B00D8C2AF /* Views */,
				4112FCFF1FC2C35900D8C2AF /* Supporting Files */,
			);
			path = "tl-media-ios";
			sourceTree = "<group>";
		};
		4112FCE51FC2C34E00D8C2AF /* tl-media-iosTests */ = {
			isa = PBXGroup;
			children = (
				4112FCE61FC2C34E00D8C2AF /* tl_media_iosTests.swift */,
				4112FCE81FC2C34E00D8C2AF /* Info.plist */,
			);
			path = "tl-media-iosTests";
			sourceTree = "<group>";
		};
		4112FCF01FC2C34E00D8C2AF /* tl-media-iosUITests */ = {
			isa = PBXGroup;
			children = (
				4112FCF11FC2C34E00D8C2AF /* tl_media_iosUITests.swift */,
				4112FCF31FC2C34E00D8C2AF /* Info.plist */,
			);
			path = "tl-media-iosUITests";
			sourceTree = "<group>";
		};
		4112FCFF1FC2C35900D8C2AF /* Supporting Files */ = {
			isa = PBXGroup;
			children = (
				4112FCD11FC2C34E00D8C2AF /* AppDelegate.swift */,
				413E2B911FCD449700E25686 /* Info.plist */,
			);
			path = "Supporting Files";
			sourceTree = "<group>";
		};
		4112FD001FC2C36E00D8C2AF /* Features */ = {
			isa = PBXGroup;
			children = (
				412483331FFDBCA6001D1A2C /* Login */,
				4112FD021FC2C46E00D8C2AF /* Home */,
				4138698B1FCC1EED00DF5CD7 /* New */,
			);
			path = Features;
			sourceTree = "<group>";
		};
		4112FD011FC2C38B00D8C2AF /* Views */ = {
			isa = PBXGroup;
			children = (
				412483311FFDBC90001D1A2C /* LOGIN.storyboard */,
				4112FCD51FC2C34E00D8C2AF /* HOME.storyboard */,
				4138698E1FCC22C800DF5CD7 /* NEW.storyboard */,
				413E2B801FCCE05700E25686 /* SEARCH.storyboard */,
				413E2B821FCCE06F00E25686 /* RANKING.storyboard */,
				413E2B851FCCE08400E25686 /* HISTORY.storyboard */,
				4112FCDA1FC2C34E00D8C2AF /* LaunchScreen.storyboard */,
				4112FCD81FC2C34E00D8C2AF /* Assets.xcassets */,
			);
			path = Views;
			sourceTree = "<group>";
		};
		4112FD021FC2C46E00D8C2AF /* Home */ = {
			isa = PBXGroup;
			children = (
				410FBA291FE220C300A9BFA1 /* HomeViewController.swift */,
				41802DAE1FE9FD140094EF4A /* HomeRoot */,
				41F0082B2006FC5D000C4F18 /* HomeModal */,
				412CD2B01FE3CADF0093D64B /* Services */,
				413E2B8E1FCD3F6700E25686 /* Model */,
				41DD369D1FE8FCAC00836225 /* UIViews */,
			);
			path = Home;
			sourceTree = "<group>";
		};
		412483331FFDBCA6001D1A2C /* Login */ = {
			isa = PBXGroup;
			children = (
				412483341FFDBD38001D1A2C /* ListenController.swift */,
				412483361FFDEC81001D1A2C /* DownloadController.swift */,
				412483381FFDEC8C001D1A2C /* BuyController.swift */,
				4116C1301FFE015A00F74946 /* LoginController.swift */,
				4116C1321FFE170900F74946 /* TrainingBaseController.swift */,
				41A034B81FFF201E00176A0E /* FacebookService.swift */,
			);
			path = Login;
			sourceTree = "<group>";
		};
		412CD2B01FE3CADF0093D64B /* Services */ = {
			isa = PBXGroup;
			children = (
				413E2B8C1FCD3EDA00E25686 /* Home+Networking.swift */,
				412CD2B11FE3CB120093D64B /* Home+Audio.swift */,
			);
			path = Services;
			sourceTree = "<group>";
		};
		4138698B1FCC1EED00DF5CD7 /* New */ = {
			isa = PBXGroup;
			children = (
				4138698C1FCC1F0400DF5CD7 /* NewCollectionView.swift */,
			);
			path = New;
			sourceTree = "<group>";
		};
		413E2B8E1FCD3F6700E25686 /* Model */ = {
			isa = PBXGroup;
			children = (
				417885C21FD50CC4008F4B8E /* ArticleModel.swift */,
				4164FF962032C11A00EECBF3 /* ArticleDetailElements.swift */,
				4108492E1FE8BCBD0063502E /* ArticleHeaderModel.swift */,
				41802DB01FEA6C0E0094EF4A /* Home+AudioChatPerson.swift */,
			);
			path = Model;
			sourceTree = "<group>";
		};
		4164FF9E2032CDEF00EECBF3 /* Cells */ = {
			isa = PBXGroup;
			children = (
				410D2EAB2005AD1C0090BBB7 /* HomeArticleDetailCell.swift */,
				4164FF9C2032CA6A00EECBF3 /* HomeArticleSentenceCell.swift */,
				4164FF9F2032CE0F00EECBF3 /* ImageElementCell.swift */,
			);
			path = Cells;
			sourceTree = "<group>";
		};
		4166513D2011C8DE005CA292 /* Cell */ = {
			isa = PBXGroup;
			children = (
				416992D02008A69E00EEEC56 /* HomeRootViewArticleCell.swift */,
				41E122942022B45A00C86E3E /* HomeRootHeadlineArticleCell.swift */,
				4174389D200C736D00B56C19 /* HomeRootTabiLaboFamilyCell.swift */,
				4174389F200C83F200B56C19 /* HomeRootCategoryCell.swift */,
			);
			path = Cell;
			sourceTree = "<group>";
		};
		41802DAE1FE9FD140094EF4A /* HomeRoot */ = {
			isa = PBXGroup;
			children = (
				416992CE2008A45500EEEC56 /* HomeRootViewController.swift */,
				4166513D2011C8DE005CA292 /* Cell */,
				41C3E87A2004554C00A7B89F /* HomeArticleDetail */,
				4197FE46201082FF009F1037 /* UIViews */,
			);
			path = HomeRoot;
			sourceTree = "<group>";
		};
		41949F002010807E008C7747 /* PROTOCOLS */ = {
			isa = PBXGroup;
			children = (
				417885C01FD50C27008F4B8E /* Protocols.swift */,
			);
			path = PROTOCOLS;
			sourceTree = "<group>";
		};
		4197FE46201082FF009F1037 /* UIViews */ = {
			isa = PBXGroup;
			children = (
				41914C592033D7EE00222279 /* ArticleView.swift */,
				4174389B200C45BF00B56C19 /* VoiceArticleView.swift */,
				41E122902022AE5000C86E3E /* HeadlineArticleView.swift */,
				4164FF9A2032C96200EECBF3 /* ArticleElementsView.swift */,
			);
			path = UIViews;
			sourceTree = "<group>";
		};
		41C3E87A2004554C00A7B89F /* HomeArticleDetail */ = {
			isa = PBXGroup;
			children = (
				41C3E8782004514000A7B89F /* HomeArticleDetailController.swift */,
				410D2EA92005AA2C0090BBB7 /* HomeArticleDetail+CollectionView.swift */,
				4164FF982032C44900EECBF3 /* HomeArticleDetailController+Delegates.swift */,
				4164FF9E2032CDEF00EECBF3 /* Cells */,
			);
			path = HomeArticleDetail;
			sourceTree = "<group>";
		};
		41DD369D1FE8FCAC00836225 /* UIViews */ = {
			isa = PBXGroup;
			children = (
				41DD369E1FE8FCD100836225 /* AudioToolBar.swift */,
			);
			path = UIViews;
			sourceTree = "<group>";
		};
		41F0082A2006FC08000C4F18 /* MOVE_TO_TRASH */ = {
			isa = PBXGroup;
			children = (
				419FA56A1FCE9B2800354CC3 /* ArticleContentModel.swift */,
				41FD31941FC3B69900D1DBF6 /* Cell - MARK FOR DELETE */,
				41D7D51B1FE25A7E006B8E77 /* Trash_HomeRootController.swift */,
				41D667AE1FE362C900721CD9 /* Trash_HomeRoot+CollectionView.swift */,
				41D667B01FE3633500721CD9 /* Trash_HomeRoot+Delegation.swift */,
				41C3E87B2004607200A7B89F /* Trash_ArticleDetailModel.swift */,
				417D5DB91FE79BEE00E4AB48 /* Trash_HomeAudioChatController.swift */,
			);
			path = MOVE_TO_TRASH;
			sourceTree = "<group>";
		};
		41F0082B2006FC5D000C4F18 /* HomeModal */ = {
			isa = PBXGroup;
			children = (
				41D7D5201FE26B17006B8E77 /* HomeModalController.swift */,
			);
			path = HomeModal;
			sourceTree = "<group>";
		};
		41F356C71FC2CC0D003F65FD /* HELPER UTILITY */ = {
			isa = PBXGroup;
			children = (
				41F356C81FC2CC2B003F65FD /* HelperUtility.swift */,
			);
			path = "HELPER UTILITY";
			sourceTree = "<group>";
		};
		41FD31941FC3B69900D1DBF6 /* Cell - MARK FOR DELETE */ = {
			isa = PBXGroup;
			children = (
				41109AC61FCBC09A00AFC05E /* Section */,
				41109AC71FCBC0A200AFC05E /* Cell */,
			);
			path = "Cell - MARK FOR DELETE";
			sourceTree = "<group>";
		};
		565CE3B341A86D20FAA4C2D6 /* Frameworks */ = {
			isa = PBXGroup;
			children = (
				41A034B41FFF182000176A0E /* Bolts.framework */,
				41A034B51FFF182000176A0E /* FBSDKCoreKit.framework */,
				41A034B61FFF182000176A0E /* FBSDKLoginKit.framework */,
				41A034B71FFF182000176A0E /* FBSDKShareKit.framework */,
				94CD71B8A4500C2C33CD29E6 /* Pods_tl_media_ios.framework */,
				727D43A7E07D974A9AAC11B1 /* Pods_tl_media_iosTests.framework */,
				197F37250D291BF2FE098EEE /* Pods_tl_media_iosUITests.framework */,
				412DFD221FD65E36003FF906 /* Messages.framework */,
			);
			name = Frameworks;
			sourceTree = "<group>";
		};
/* End PBXGroup section */

/* Begin PBXNativeTarget section */
		4112FCCD1FC2C34E00D8C2AF /* tl-media-ios */ = {
			isa = PBXNativeTarget;
			buildConfigurationList = 4112FCF61FC2C34E00D8C2AF /* Build configuration list for PBXNativeTarget "tl-media-ios" */;
			buildPhases = (
				F313F4F6626135A418C3D5AA /* [CP] Check Pods Manifest.lock */,
				4112FCCA1FC2C34E00D8C2AF /* Sources */,
				4112FCCB1FC2C34E00D8C2AF /* Frameworks */,
				4112FCCC1FC2C34E00D8C2AF /* Resources */,
				F14C2B68E9D02F9D07E59B13 /* [CP] Embed Pods Frameworks */,
				7DDB9E346552A023ED98F494 /* [CP] Copy Pods Resources */,
				412DFD331FD65E36003FF906 /* Embed App Extensions */,
			);
			buildRules = (
			);
			dependencies = (
			);
			name = "tl-media-ios";
			productName = "tl-media-ios";
			productReference = 4112FCCE1FC2C34E00D8C2AF /* tl-media-ios.app */;
			productType = "com.apple.product-type.application";
		};
		4112FCE11FC2C34E00D8C2AF /* tl-media-iosTests */ = {
			isa = PBXNativeTarget;
			buildConfigurationList = 4112FCF91FC2C34E00D8C2AF /* Build configuration list for PBXNativeTarget "tl-media-iosTests" */;
			buildPhases = (
				733C8246ED29054E63950FF5 /* [CP] Check Pods Manifest.lock */,
				4112FCDE1FC2C34E00D8C2AF /* Sources */,
				4112FCDF1FC2C34E00D8C2AF /* Frameworks */,
				4112FCE01FC2C34E00D8C2AF /* Resources */,
				0FE42CE709CC19A213DE3498 /* [CP] Embed Pods Frameworks */,
				884BAFE20403559D58B5D328 /* [CP] Copy Pods Resources */,
			);
			buildRules = (
			);
			dependencies = (
				4112FCE41FC2C34E00D8C2AF /* PBXTargetDependency */,
			);
			name = "tl-media-iosTests";
			productName = "tl-media-iosTests";
			productReference = 4112FCE21FC2C34E00D8C2AF /* tl-media-iosTests.xctest */;
			productType = "com.apple.product-type.bundle.unit-test";
		};
		4112FCEC1FC2C34E00D8C2AF /* tl-media-iosUITests */ = {
			isa = PBXNativeTarget;
			buildConfigurationList = 4112FCFC1FC2C34E00D8C2AF /* Build configuration list for PBXNativeTarget "tl-media-iosUITests" */;
			buildPhases = (
				ACC10D6CDF02FFA8AD13461D /* [CP] Check Pods Manifest.lock */,
				4112FCE91FC2C34E00D8C2AF /* Sources */,
				4112FCEA1FC2C34E00D8C2AF /* Frameworks */,
				4112FCEB1FC2C34E00D8C2AF /* Resources */,
				47328DED8F10DC7B9229661E /* [CP] Embed Pods Frameworks */,
				C6D1F2289BC7DA93FFEDDA97 /* [CP] Copy Pods Resources */,
			);
			buildRules = (
			);
			dependencies = (
				4112FCEF1FC2C34E00D8C2AF /* PBXTargetDependency */,
			);
			name = "tl-media-iosUITests";
			productName = "tl-media-iosUITests";
			productReference = 4112FCED1FC2C34E00D8C2AF /* tl-media-iosUITests.xctest */;
			productType = "com.apple.product-type.bundle.ui-testing";
		};
/* End PBXNativeTarget section */

/* Begin PBXProject section */
		4112FCC61FC2C34E00D8C2AF /* Project object */ = {
			isa = PBXProject;
			attributes = {
				LastSwiftUpdateCheck = 0910;
				LastUpgradeCheck = 0910;
				ORGANIZATIONNAME = "Tabi-Labo";
				TargetAttributes = {
					4112FCCD1FC2C34E00D8C2AF = {
						CreatedOnToolsVersion = 9.1;
						ProvisioningStyle = Automatic;
					};
					4112FCE11FC2C34E00D8C2AF = {
						CreatedOnToolsVersion = 9.1;
						ProvisioningStyle = Automatic;
						TestTargetID = 4112FCCD1FC2C34E00D8C2AF;
					};
					4112FCEC1FC2C34E00D8C2AF = {
						CreatedOnToolsVersion = 9.1;
						ProvisioningStyle = Automatic;
						TestTargetID = 4112FCCD1FC2C34E00D8C2AF;
					};
				};
			};
			buildConfigurationList = 4112FCC91FC2C34E00D8C2AF /* Build configuration list for PBXProject "Tabi Labo" */;
			compatibilityVersion = "Xcode 8.0";
			developmentRegion = en;
			hasScannedForEncodings = 0;
			knownRegions = (
				en,
				Base,
			);
			mainGroup = 4112FCC51FC2C34E00D8C2AF;
			productRefGroup = 4112FCCF1FC2C34E00D8C2AF /* Products */;
			projectDirPath = "";
			projectRoot = "";
			targets = (
				4112FCCD1FC2C34E00D8C2AF /* tl-media-ios */,
				4112FCE11FC2C34E00D8C2AF /* tl-media-iosTests */,
				4112FCEC1FC2C34E00D8C2AF /* tl-media-iosUITests */,
			);
		};
/* End PBXProject section */

/* Begin PBXResourcesBuildPhase section */
		4112FCCC1FC2C34E00D8C2AF /* Resources */ = {
			isa = PBXResourcesBuildPhase;
			buildActionMask = 2147483647;
			files = (
				412483321FFDBC90001D1A2C /* LOGIN.storyboard in Resources */,
				4112FCDC1FC2C34E00D8C2AF /* LaunchScreen.storyboard in Resources */,
				4112FCD91FC2C34E00D8C2AF /* Assets.xcassets in Resources */,
				4112FCD71FC2C34E00D8C2AF /* HOME.storyboard in Resources */,
				413E2B861FCCE08400E25686 /* HISTORY.storyboard in Resources */,
				413E2B841FCCE06F00E25686 /* RANKING.storyboard in Resources */,
				413E2B811FCCE05700E25686 /* SEARCH.storyboard in Resources */,
				413869901FCC22C800DF5CD7 /* NEW.storyboard in Resources */,
			);
			runOnlyForDeploymentPostprocessing = 0;
		};
		4112FCE01FC2C34E00D8C2AF /* Resources */ = {
			isa = PBXResourcesBuildPhase;
			buildActionMask = 2147483647;
			files = (
			);
			runOnlyForDeploymentPostprocessing = 0;
		};
		4112FCEB1FC2C34E00D8C2AF /* Resources */ = {
			isa = PBXResourcesBuildPhase;
			buildActionMask = 2147483647;
			files = (
			);
			runOnlyForDeploymentPostprocessing = 0;
		};
/* End PBXResourcesBuildPhase section */

/* Begin PBXShellScriptBuildPhase section */
		0FE42CE709CC19A213DE3498 /* [CP] Embed Pods Frameworks */ = {
			isa = PBXShellScriptBuildPhase;
			buildActionMask = 2147483647;
			files = (
			);
			inputPaths = (
			);
			name = "[CP] Embed Pods Frameworks";
			outputPaths = (
			);
			runOnlyForDeploymentPostprocessing = 0;
			shellPath = /bin/sh;
			shellScript = "\"${SRCROOT}/Pods/Target Support Files/Pods-tl-media-iosTests/Pods-tl-media-iosTests-frameworks.sh\"\n";
			showEnvVarsInLog = 0;
		};
		47328DED8F10DC7B9229661E /* [CP] Embed Pods Frameworks */ = {
			isa = PBXShellScriptBuildPhase;
			buildActionMask = 2147483647;
			files = (
			);
			inputPaths = (
			);
			name = "[CP] Embed Pods Frameworks";
			outputPaths = (
			);
			runOnlyForDeploymentPostprocessing = 0;
			shellPath = /bin/sh;
			shellScript = "\"${SRCROOT}/Pods/Target Support Files/Pods-tl-media-iosUITests/Pods-tl-media-iosUITests-frameworks.sh\"\n";
			showEnvVarsInLog = 0;
		};
		733C8246ED29054E63950FF5 /* [CP] Check Pods Manifest.lock */ = {
			isa = PBXShellScriptBuildPhase;
			buildActionMask = 2147483647;
			files = (
			);
			inputPaths = (
				"${PODS_PODFILE_DIR_PATH}/Podfile.lock",
				"${PODS_ROOT}/Manifest.lock",
			);
			name = "[CP] Check Pods Manifest.lock";
			outputPaths = (
				"$(DERIVED_FILE_DIR)/Pods-tl-media-iosTests-checkManifestLockResult.txt",
			);
			runOnlyForDeploymentPostprocessing = 0;
			shellPath = /bin/sh;
			shellScript = "diff \"${PODS_PODFILE_DIR_PATH}/Podfile.lock\" \"${PODS_ROOT}/Manifest.lock\" > /dev/null\nif [ $? != 0 ] ; then\n    # print error to STDERR\n    echo \"error: The sandbox is not in sync with the Podfile.lock. Run 'pod install' or update your CocoaPods installation.\" >&2\n    exit 1\nfi\n# This output is used by Xcode 'outputs' to avoid re-running this script phase.\necho \"SUCCESS\" > \"${SCRIPT_OUTPUT_FILE_0}\"\n";
			showEnvVarsInLog = 0;
		};
		7DDB9E346552A023ED98F494 /* [CP] Copy Pods Resources */ = {
			isa = PBXShellScriptBuildPhase;
			buildActionMask = 2147483647;
			files = (
			);
			inputPaths = (
			);
			name = "[CP] Copy Pods Resources";
			outputPaths = (
			);
			runOnlyForDeploymentPostprocessing = 0;
			shellPath = /bin/sh;
			shellScript = "\"${SRCROOT}/Pods/Target Support Files/Pods-tl-media-ios/Pods-tl-media-ios-resources.sh\"\n";
			showEnvVarsInLog = 0;
		};
		884BAFE20403559D58B5D328 /* [CP] Copy Pods Resources */ = {
			isa = PBXShellScriptBuildPhase;
			buildActionMask = 2147483647;
			files = (
			);
			inputPaths = (
			);
			name = "[CP] Copy Pods Resources";
			outputPaths = (
			);
			runOnlyForDeploymentPostprocessing = 0;
			shellPath = /bin/sh;
			shellScript = "\"${SRCROOT}/Pods/Target Support Files/Pods-tl-media-iosTests/Pods-tl-media-iosTests-resources.sh\"\n";
			showEnvVarsInLog = 0;
		};
		ACC10D6CDF02FFA8AD13461D /* [CP] Check Pods Manifest.lock */ = {
			isa = PBXShellScriptBuildPhase;
			buildActionMask = 2147483647;
			files = (
			);
			inputPaths = (
				"${PODS_PODFILE_DIR_PATH}/Podfile.lock",
				"${PODS_ROOT}/Manifest.lock",
			);
			name = "[CP] Check Pods Manifest.lock";
			outputPaths = (
				"$(DERIVED_FILE_DIR)/Pods-tl-media-iosUITests-checkManifestLockResult.txt",
			);
			runOnlyForDeploymentPostprocessing = 0;
			shellPath = /bin/sh;
			shellScript = "diff \"${PODS_PODFILE_DIR_PATH}/Podfile.lock\" \"${PODS_ROOT}/Manifest.lock\" > /dev/null\nif [ $? != 0 ] ; then\n    # print error to STDERR\n    echo \"error: The sandbox is not in sync with the Podfile.lock. Run 'pod install' or update your CocoaPods installation.\" >&2\n    exit 1\nfi\n# This output is used by Xcode 'outputs' to avoid re-running this script phase.\necho \"SUCCESS\" > \"${SCRIPT_OUTPUT_FILE_0}\"\n";
			showEnvVarsInLog = 0;
		};
		C6D1F2289BC7DA93FFEDDA97 /* [CP] Copy Pods Resources */ = {
			isa = PBXShellScriptBuildPhase;
			buildActionMask = 2147483647;
			files = (
			);
			inputPaths = (
			);
			name = "[CP] Copy Pods Resources";
			outputPaths = (
			);
			runOnlyForDeploymentPostprocessing = 0;
			shellPath = /bin/sh;
			shellScript = "\"${SRCROOT}/Pods/Target Support Files/Pods-tl-media-iosUITests/Pods-tl-media-iosUITests-resources.sh\"\n";
			showEnvVarsInLog = 0;
		};
		F14C2B68E9D02F9D07E59B13 /* [CP] Embed Pods Frameworks */ = {
			isa = PBXShellScriptBuildPhase;
			buildActionMask = 2147483647;
			files = (
			);
			inputPaths = (
				"${SRCROOT}/Pods/Target Support Files/Pods-tl-media-ios/Pods-tl-media-ios-frameworks.sh",
				"${BUILT_PRODUCTS_DIR}/ARNTransitionAnimator/ARNTransitionAnimator.framework",
				"${BUILT_PRODUCTS_DIR}/Bolts/Bolts.framework",
				"${BUILT_PRODUCTS_DIR}/FBSDKCoreKit/FBSDKCoreKit.framework",
				"${BUILT_PRODUCTS_DIR}/FBSDKLoginKit/FBSDKLoginKit.framework",
				"${BUILT_PRODUCTS_DIR}/FBSDKShareKit/FBSDKShareKit.framework",
				"${BUILT_PRODUCTS_DIR}/FacebookCore/FacebookCore.framework",
				"${BUILT_PRODUCTS_DIR}/FacebookLogin/FacebookLogin.framework",
				"${BUILT_PRODUCTS_DIR}/FacebookShare/FacebookShare.framework",
				"${BUILT_PRODUCTS_DIR}/SDWebImage/SDWebImage.framework",
			);
			name = "[CP] Embed Pods Frameworks";
			outputPaths = (
				"${TARGET_BUILD_DIR}/${FRAMEWORKS_FOLDER_PATH}/ARNTransitionAnimator.framework",
				"${TARGET_BUILD_DIR}/${FRAMEWORKS_FOLDER_PATH}/Bolts.framework",
				"${TARGET_BUILD_DIR}/${FRAMEWORKS_FOLDER_PATH}/FBSDKCoreKit.framework",
				"${TARGET_BUILD_DIR}/${FRAMEWORKS_FOLDER_PATH}/FBSDKLoginKit.framework",
				"${TARGET_BUILD_DIR}/${FRAMEWORKS_FOLDER_PATH}/FBSDKShareKit.framework",
				"${TARGET_BUILD_DIR}/${FRAMEWORKS_FOLDER_PATH}/FacebookCore.framework",
				"${TARGET_BUILD_DIR}/${FRAMEWORKS_FOLDER_PATH}/FacebookLogin.framework",
				"${TARGET_BUILD_DIR}/${FRAMEWORKS_FOLDER_PATH}/FacebookShare.framework",
				"${TARGET_BUILD_DIR}/${FRAMEWORKS_FOLDER_PATH}/SDWebImage.framework",
			);
			runOnlyForDeploymentPostprocessing = 0;
			shellPath = /bin/sh;
			shellScript = "\"${SRCROOT}/Pods/Target Support Files/Pods-tl-media-ios/Pods-tl-media-ios-frameworks.sh\"\n";
			showEnvVarsInLog = 0;
		};
		F313F4F6626135A418C3D5AA /* [CP] Check Pods Manifest.lock */ = {
			isa = PBXShellScriptBuildPhase;
			buildActionMask = 2147483647;
			files = (
			);
			inputPaths = (
				"${PODS_PODFILE_DIR_PATH}/Podfile.lock",
				"${PODS_ROOT}/Manifest.lock",
			);
			name = "[CP] Check Pods Manifest.lock";
			outputPaths = (
				"$(DERIVED_FILE_DIR)/Pods-tl-media-ios-checkManifestLockResult.txt",
			);
			runOnlyForDeploymentPostprocessing = 0;
			shellPath = /bin/sh;
			shellScript = "diff \"${PODS_PODFILE_DIR_PATH}/Podfile.lock\" \"${PODS_ROOT}/Manifest.lock\" > /dev/null\nif [ $? != 0 ] ; then\n    # print error to STDERR\n    echo \"error: The sandbox is not in sync with the Podfile.lock. Run 'pod install' or update your CocoaPods installation.\" >&2\n    exit 1\nfi\n# This output is used by Xcode 'outputs' to avoid re-running this script phase.\necho \"SUCCESS\" > \"${SCRIPT_OUTPUT_FILE_0}\"\n";
			showEnvVarsInLog = 0;
		};
/* End PBXShellScriptBuildPhase section */

/* Begin PBXSourcesBuildPhase section */
		4112FCCA1FC2C34E00D8C2AF /* Sources */ = {
			isa = PBXSourcesBuildPhase;
			buildActionMask = 2147483647;
			files = (
				41802DB11FEA6C0E0094EF4A /* Home+AudioChatPerson.swift in Sources */,
				4164FF972032C11A00EECBF3 /* ArticleDetailElements.swift in Sources */,
				4164FF9D2032CA6A00EECBF3 /* HomeArticleSentenceCell.swift in Sources */,
				412483391FFDEC8C001D1A2C /* BuyController.swift in Sources */,
				413E2B8D1FCD3EDA00E25686 /* Home+Networking.swift in Sources */,
				417438A0200C83F200B56C19 /* HomeRootCategoryCell.swift in Sources */,
				41DD369F1FE8FCD100836225 /* AudioToolBar.swift in Sources */,
				416992D12008A69E00EEEC56 /* HomeRootViewArticleCell.swift in Sources */,
				4164FF992032C44900EECBF3 /* HomeArticleDetailController+Delegates.swift in Sources */,
				4174389C200C45BF00B56C19 /* VoiceArticleView.swift in Sources */,
				41C3E8792004514000A7B89F /* HomeArticleDetailController.swift in Sources */,
				41FD319A1FC3C85B00D1DBF6 /* TabiLaboFamilySection.swift in Sources */,
				417885C11FD50C27008F4B8E /* Protocols.swift in Sources */,
				4174389E200C736D00B56C19 /* HomeRootTabiLaboFamilyCell.swift in Sources */,
				41FD319C1FC3C9AD00D1DBF6 /* TLFamilyCell.swift in Sources */,
				4138698D1FCC1F0400DF5CD7 /* NewCollectionView.swift in Sources */,
				41D7D51C1FE25A7E006B8E77 /* Trash_HomeRootController.swift in Sources */,
				41D7D5211FE26B17006B8E77 /* HomeModalController.swift in Sources */,
				4112FCD21FC2C34E00D8C2AF /* AppDelegate.swift in Sources */,
				410D2EAC2005AD1C0090BBB7 /* HomeArticleDetailCell.swift in Sources */,
				41F356C91FC2CC2B003F65FD /* HelperUtility.swift in Sources */,
				417885C91FD53F9F008F4B8E /* VoiceArticleCell.swift in Sources */,
				410D2EAA2005AA2C0090BBB7 /* HomeArticleDetail+CollectionView.swift in Sources */,
				417885C31FD50CC4008F4B8E /* ArticleModel.swift in Sources */,
				4116C1331FFE170900F74946 /* TrainingBaseController.swift in Sources */,
				41914C5A2033D7EE00222279 /* ArticleView.swift in Sources */,
				417D5DBA1FE79BEE00E4AB48 /* Trash_HomeAudioChatController.swift in Sources */,
				416992CF2008A45500EEEC56 /* HomeRootViewController.swift in Sources */,
				41D667B11FE3633500721CD9 /* Trash_HomeRoot+Delegation.swift in Sources */,
				41E122952022B45A00C86E3E /* HomeRootHeadlineArticleCell.swift in Sources */,
				41A034B91FFF201E00176A0E /* FacebookService.swift in Sources */,
				41D667AF1FE362C900721CD9 /* Trash_HomeRoot+CollectionView.swift in Sources */,
				412483351FFDBD38001D1A2C /* ListenController.swift in Sources */,
				4164FFA02032CE0F00EECBF3 /* ImageElementCell.swift in Sources */,
				41109AC51FCBBF6800AFC05E /* VoiceArticle.swift in Sources */,
				41E122912022AE5000C86E3E /* HeadlineArticleView.swift in Sources */,
				4116C1311FFE015A00F74946 /* LoginController.swift in Sources */,
				419FA56B1FCE9B2800354CC3 /* ArticleContentModel.swift in Sources */,
				410FBA2A1FE220C300A9BFA1 /* HomeViewController.swift in Sources */,
				4108492F1FE8BCBD0063502E /* ArticleHeaderModel.swift in Sources */,
				412483371FFDEC81001D1A2C /* DownloadController.swift in Sources */,
				4164FF9B2032C96200EECBF3 /* ArticleElementsView.swift in Sources */,
				41C3E87C2004607200A7B89F /* Trash_ArticleDetailModel.swift in Sources */,
				412CD2B21FE3CB120093D64B /* Home+Audio.swift in Sources */,
				410DA61E1FE23A770074C321 /* MusicPlayerTransitionAnimation.swift in Sources */,
				41FD31961FC3B6AE00D1DBF6 /* CategoryCell.swift in Sources */,
				4138698A1FCBDB7200DF5CD7 /* CategorySection.swift in Sources */,
			);
			runOnlyForDeploymentPostprocessing = 0;
		};
		4112FCDE1FC2C34E00D8C2AF /* Sources */ = {
			isa = PBXSourcesBuildPhase;
			buildActionMask = 2147483647;
			files = (
				4112FCE71FC2C34E00D8C2AF /* tl_media_iosTests.swift in Sources */,
			);
			runOnlyForDeploymentPostprocessing = 0;
		};
		4112FCE91FC2C34E00D8C2AF /* Sources */ = {
			isa = PBXSourcesBuildPhase;
			buildActionMask = 2147483647;
			files = (
				4112FCF21FC2C34E00D8C2AF /* tl_media_iosUITests.swift in Sources */,
			);
			runOnlyForDeploymentPostprocessing = 0;
		};
/* End PBXSourcesBuildPhase section */

/* Begin PBXTargetDependency section */
		4112FCE41FC2C34E00D8C2AF /* PBXTargetDependency */ = {
			isa = PBXTargetDependency;
			target = 4112FCCD1FC2C34E00D8C2AF /* tl-media-ios */;
			targetProxy = 4112FCE31FC2C34E00D8C2AF /* PBXContainerItemProxy */;
		};
		4112FCEF1FC2C34E00D8C2AF /* PBXTargetDependency */ = {
			isa = PBXTargetDependency;
			target = 4112FCCD1FC2C34E00D8C2AF /* tl-media-ios */;
			targetProxy = 4112FCEE1FC2C34E00D8C2AF /* PBXContainerItemProxy */;
		};
/* End PBXTargetDependency section */

/* Begin PBXVariantGroup section */
		4112FCD51FC2C34E00D8C2AF /* HOME.storyboard */ = {
			isa = PBXVariantGroup;
			children = (
				4112FCD61FC2C34E00D8C2AF /* Base */,
			);
			name = HOME.storyboard;
			sourceTree = "<group>";
		};
		4112FCDA1FC2C34E00D8C2AF /* LaunchScreen.storyboard */ = {
			isa = PBXVariantGroup;
			children = (
				4112FCDB1FC2C34E00D8C2AF /* Base */,
			);
			name = LaunchScreen.storyboard;
			sourceTree = "<group>";
		};
		4138698E1FCC22C800DF5CD7 /* NEW.storyboard */ = {
			isa = PBXVariantGroup;
			children = (
				4138698F1FCC22C800DF5CD7 /* Base */,
			);
			name = NEW.storyboard;
			sourceTree = "<group>";
		};
		413E2B821FCCE06F00E25686 /* RANKING.storyboard */ = {
			isa = PBXVariantGroup;
			children = (
				413E2B831FCCE06F00E25686 /* Base */,
			);
			name = RANKING.storyboard;
			sourceTree = "<group>";
		};
/* End PBXVariantGroup section */

/* Begin XCBuildConfiguration section */
		4112FCF41FC2C34E00D8C2AF /* Debug */ = {
			isa = XCBuildConfiguration;
			buildSettings = {
				ALWAYS_SEARCH_USER_PATHS = NO;
				CLANG_ANALYZER_NONNULL = YES;
				CLANG_ANALYZER_NUMBER_OBJECT_CONVERSION = YES_AGGRESSIVE;
				CLANG_CXX_LANGUAGE_STANDARD = "gnu++14";
				CLANG_CXX_LIBRARY = "libc++";
				CLANG_ENABLE_MODULES = YES;
				CLANG_ENABLE_OBJC_ARC = YES;
				CLANG_WARN_BLOCK_CAPTURE_AUTORELEASING = YES;
				CLANG_WARN_BOOL_CONVERSION = YES;
				CLANG_WARN_COMMA = YES;
				CLANG_WARN_CONSTANT_CONVERSION = YES;
				CLANG_WARN_DIRECT_OBJC_ISA_USAGE = YES_ERROR;
				CLANG_WARN_DOCUMENTATION_COMMENTS = YES;
				CLANG_WARN_EMPTY_BODY = YES;
				CLANG_WARN_ENUM_CONVERSION = YES;
				CLANG_WARN_INFINITE_RECURSION = YES;
				CLANG_WARN_INT_CONVERSION = YES;
				CLANG_WARN_NON_LITERAL_NULL_CONVERSION = YES;
				CLANG_WARN_OBJC_LITERAL_CONVERSION = YES;
				CLANG_WARN_OBJC_ROOT_CLASS = YES_ERROR;
				CLANG_WARN_RANGE_LOOP_ANALYSIS = YES;
				CLANG_WARN_STRICT_PROTOTYPES = YES;
				CLANG_WARN_SUSPICIOUS_MOVE = YES;
				CLANG_WARN_UNGUARDED_AVAILABILITY = YES_AGGRESSIVE;
				CLANG_WARN_UNREACHABLE_CODE = YES;
				CLANG_WARN__DUPLICATE_METHOD_MATCH = YES;
				CODE_SIGN_IDENTITY = "iPhone Developer";
				COPY_PHASE_STRIP = NO;
				DEBUG_INFORMATION_FORMAT = dwarf;
				ENABLE_STRICT_OBJC_MSGSEND = YES;
				ENABLE_TESTABILITY = YES;
				GCC_C_LANGUAGE_STANDARD = gnu11;
				GCC_DYNAMIC_NO_PIC = NO;
				GCC_NO_COMMON_BLOCKS = YES;
				GCC_OPTIMIZATION_LEVEL = 0;
				GCC_PREPROCESSOR_DEFINITIONS = (
					"DEBUG=1",
					"$(inherited)",
				);
				GCC_WARN_64_TO_32_BIT_CONVERSION = YES;
				GCC_WARN_ABOUT_RETURN_TYPE = YES_ERROR;
				GCC_WARN_UNDECLARED_SELECTOR = YES;
				GCC_WARN_UNINITIALIZED_AUTOS = YES_AGGRESSIVE;
				GCC_WARN_UNUSED_FUNCTION = YES;
				GCC_WARN_UNUSED_VARIABLE = YES;
				IPHONEOS_DEPLOYMENT_TARGET = 11.1;
				MTL_ENABLE_DEBUG_INFO = YES;
				ONLY_ACTIVE_ARCH = YES;
				SDKROOT = iphoneos;
				SWIFT_ACTIVE_COMPILATION_CONDITIONS = DEBUG;
				SWIFT_OPTIMIZATION_LEVEL = "-Onone";
			};
			name = Debug;
		};
		4112FCF51FC2C34E00D8C2AF /* Release */ = {
			isa = XCBuildConfiguration;
			buildSettings = {
				ALWAYS_SEARCH_USER_PATHS = NO;
				CLANG_ANALYZER_NONNULL = YES;
				CLANG_ANALYZER_NUMBER_OBJECT_CONVERSION = YES_AGGRESSIVE;
				CLANG_CXX_LANGUAGE_STANDARD = "gnu++14";
				CLANG_CXX_LIBRARY = "libc++";
				CLANG_ENABLE_MODULES = YES;
				CLANG_ENABLE_OBJC_ARC = YES;
				CLANG_WARN_BLOCK_CAPTURE_AUTORELEASING = YES;
				CLANG_WARN_BOOL_CONVERSION = YES;
				CLANG_WARN_COMMA = YES;
				CLANG_WARN_CONSTANT_CONVERSION = YES;
				CLANG_WARN_DIRECT_OBJC_ISA_USAGE = YES_ERROR;
				CLANG_WARN_DOCUMENTATION_COMMENTS = YES;
				CLANG_WARN_EMPTY_BODY = YES;
				CLANG_WARN_ENUM_CONVERSION = YES;
				CLANG_WARN_INFINITE_RECURSION = YES;
				CLANG_WARN_INT_CONVERSION = YES;
				CLANG_WARN_NON_LITERAL_NULL_CONVERSION = YES;
				CLANG_WARN_OBJC_LITERAL_CONVERSION = YES;
				CLANG_WARN_OBJC_ROOT_CLASS = YES_ERROR;
				CLANG_WARN_RANGE_LOOP_ANALYSIS = YES;
				CLANG_WARN_STRICT_PROTOTYPES = YES;
				CLANG_WARN_SUSPICIOUS_MOVE = YES;
				CLANG_WARN_UNGUARDED_AVAILABILITY = YES_AGGRESSIVE;
				CLANG_WARN_UNREACHABLE_CODE = YES;
				CLANG_WARN__DUPLICATE_METHOD_MATCH = YES;
				CODE_SIGN_IDENTITY = "iPhone Developer";
				COPY_PHASE_STRIP = NO;
				DEBUG_INFORMATION_FORMAT = "dwarf-with-dsym";
				ENABLE_NS_ASSERTIONS = NO;
				ENABLE_STRICT_OBJC_MSGSEND = YES;
				GCC_C_LANGUAGE_STANDARD = gnu11;
				GCC_NO_COMMON_BLOCKS = YES;
				GCC_WARN_64_TO_32_BIT_CONVERSION = YES;
				GCC_WARN_ABOUT_RETURN_TYPE = YES_ERROR;
				GCC_WARN_UNDECLARED_SELECTOR = YES;
				GCC_WARN_UNINITIALIZED_AUTOS = YES_AGGRESSIVE;
				GCC_WARN_UNUSED_FUNCTION = YES;
				GCC_WARN_UNUSED_VARIABLE = YES;
				IPHONEOS_DEPLOYMENT_TARGET = 11.1;
				MTL_ENABLE_DEBUG_INFO = NO;
				SDKROOT = iphoneos;
				SWIFT_OPTIMIZATION_LEVEL = "-Owholemodule";
				VALIDATE_PRODUCT = YES;
			};
			name = Release;
		};
		4112FCF71FC2C34E00D8C2AF /* Debug */ = {
			isa = XCBuildConfiguration;
			baseConfigurationReference = 9F1789852B6667A0F028D4AB /* Pods-tl-media-ios.debug.xcconfig */;
			buildSettings = {
				ALWAYS_EMBED_SWIFT_STANDARD_LIBRARIES = YES;
				ASSETCATALOG_COMPILER_APPICON_NAME = AppIcon;
				CODE_SIGN_STYLE = Automatic;
				DEVELOPMENT_TEAM = 9247X8U45L;
				INFOPLIST_FILE = "tl-media-ios/Info.plist";
				LD_RUNPATH_SEARCH_PATHS = "$(inherited) @executable_path/Frameworks";
				PRODUCT_BUNDLE_IDENTIFIER = "com.Tabi-Labo.tl-media-ios";
				PRODUCT_NAME = "$(TARGET_NAME)";
				SWIFT_VERSION = 4.0;
				TARGETED_DEVICE_FAMILY = 1;
			};
			name = Debug;
		};
		4112FCF81FC2C34E00D8C2AF /* Release */ = {
			isa = XCBuildConfiguration;
			baseConfigurationReference = 4C0B0C71311AB80DFF9A4E76 /* Pods-tl-media-ios.release.xcconfig */;
			buildSettings = {
				ALWAYS_EMBED_SWIFT_STANDARD_LIBRARIES = YES;
				ASSETCATALOG_COMPILER_APPICON_NAME = AppIcon;
				CODE_SIGN_STYLE = Automatic;
				DEVELOPMENT_TEAM = 9247X8U45L;
				INFOPLIST_FILE = "tl-media-ios/Info.plist";
				LD_RUNPATH_SEARCH_PATHS = "$(inherited) @executable_path/Frameworks";
				PRODUCT_BUNDLE_IDENTIFIER = "com.Tabi-Labo.tl-media-ios";
				PRODUCT_NAME = "$(TARGET_NAME)";
				SWIFT_VERSION = 4.0;
				TARGETED_DEVICE_FAMILY = 1;
			};
			name = Release;
		};
		4112FCFA1FC2C34E00D8C2AF /* Debug */ = {
			isa = XCBuildConfiguration;
			baseConfigurationReference = 9CEBCB116FC18E71A1D274ED /* Pods-tl-media-iosTests.debug.xcconfig */;
			buildSettings = {
				ALWAYS_EMBED_SWIFT_STANDARD_LIBRARIES = YES;
				BUNDLE_LOADER = "$(TEST_HOST)";
				CODE_SIGN_STYLE = Automatic;
				DEVELOPMENT_TEAM = 9247X8U45L;
				INFOPLIST_FILE = "tl-media-iosTests/Info.plist";
				LD_RUNPATH_SEARCH_PATHS = "$(inherited) @executable_path/Frameworks @loader_path/Frameworks";
				PRODUCT_BUNDLE_IDENTIFIER = "com.Tabi-Labo.tl-media-iosTests";
				PRODUCT_NAME = "$(TARGET_NAME)";
				SWIFT_VERSION = 4.0;
				TARGETED_DEVICE_FAMILY = "1,2";
				TEST_HOST = "$(BUILT_PRODUCTS_DIR)/tl-media-ios.app/tl-media-ios";
			};
			name = Debug;
		};
		4112FCFB1FC2C34E00D8C2AF /* Release */ = {
			isa = XCBuildConfiguration;
			baseConfigurationReference = E41A6C64A177A8ABFEE3F2BE /* Pods-tl-media-iosTests.release.xcconfig */;
			buildSettings = {
				ALWAYS_EMBED_SWIFT_STANDARD_LIBRARIES = YES;
				BUNDLE_LOADER = "$(TEST_HOST)";
				CODE_SIGN_STYLE = Automatic;
				DEVELOPMENT_TEAM = 9247X8U45L;
				INFOPLIST_FILE = "tl-media-iosTests/Info.plist";
				LD_RUNPATH_SEARCH_PATHS = "$(inherited) @executable_path/Frameworks @loader_path/Frameworks";
				PRODUCT_BUNDLE_IDENTIFIER = "com.Tabi-Labo.tl-media-iosTests";
				PRODUCT_NAME = "$(TARGET_NAME)";
				SWIFT_VERSION = 4.0;
				TARGETED_DEVICE_FAMILY = "1,2";
				TEST_HOST = "$(BUILT_PRODUCTS_DIR)/tl-media-ios.app/tl-media-ios";
			};
			name = Release;
		};
		4112FCFD1FC2C34E00D8C2AF /* Debug */ = {
			isa = XCBuildConfiguration;
			baseConfigurationReference = 0D24CB4AB7AC9191D0478A8D /* Pods-tl-media-iosUITests.debug.xcconfig */;
			buildSettings = {
				ALWAYS_EMBED_SWIFT_STANDARD_LIBRARIES = YES;
				CODE_SIGN_STYLE = Automatic;
				DEVELOPMENT_TEAM = 9247X8U45L;
				INFOPLIST_FILE = "tl-media-iosUITests/Info.plist";
				LD_RUNPATH_SEARCH_PATHS = "$(inherited) @executable_path/Frameworks @loader_path/Frameworks";
				PRODUCT_BUNDLE_IDENTIFIER = "com.Tabi-Labo.tl-media-iosUITests";
				PRODUCT_NAME = "$(TARGET_NAME)";
				SWIFT_VERSION = 4.0;
				TARGETED_DEVICE_FAMILY = "1,2";
				TEST_TARGET_NAME = "tl-media-ios";
			};
			name = Debug;
		};
		4112FCFE1FC2C34E00D8C2AF /* Release */ = {
			isa = XCBuildConfiguration;
			baseConfigurationReference = 1BA25A7CC203BC4C21D35857 /* Pods-tl-media-iosUITests.release.xcconfig */;
			buildSettings = {
				ALWAYS_EMBED_SWIFT_STANDARD_LIBRARIES = YES;
				CODE_SIGN_STYLE = Automatic;
				DEVELOPMENT_TEAM = 9247X8U45L;
				INFOPLIST_FILE = "tl-media-iosUITests/Info.plist";
				LD_RUNPATH_SEARCH_PATHS = "$(inherited) @executable_path/Frameworks @loader_path/Frameworks";
				PRODUCT_BUNDLE_IDENTIFIER = "com.Tabi-Labo.tl-media-iosUITests";
				PRODUCT_NAME = "$(TARGET_NAME)";
				SWIFT_VERSION = 4.0;
				TARGETED_DEVICE_FAMILY = "1,2";
				TEST_TARGET_NAME = "tl-media-ios";
			};
			name = Release;
		};
/* End XCBuildConfiguration section */

/* Begin XCConfigurationList section */
		4112FCC91FC2C34E00D8C2AF /* Build configuration list for PBXProject "Tabi Labo" */ = {
			isa = XCConfigurationList;
			buildConfigurations = (
				4112FCF41FC2C34E00D8C2AF /* Debug */,
				4112FCF51FC2C34E00D8C2AF /* Release */,
			);
			defaultConfigurationIsVisible = 0;
			defaultConfigurationName = Release;
		};
		4112FCF61FC2C34E00D8C2AF /* Build configuration list for PBXNativeTarget "tl-media-ios" */ = {
			isa = XCConfigurationList;
			buildConfigurations = (
				4112FCF71FC2C34E00D8C2AF /* Debug */,
				4112FCF81FC2C34E00D8C2AF /* Release */,
			);
			defaultConfigurationIsVisible = 0;
			defaultConfigurationName = Release;
		};
		4112FCF91FC2C34E00D8C2AF /* Build configuration list for PBXNativeTarget "tl-media-iosTests" */ = {
			isa = XCConfigurationList;
			buildConfigurations = (
				4112FCFA1FC2C34E00D8C2AF /* Debug */,
				4112FCFB1FC2C34E00D8C2AF /* Release */,
			);
			defaultConfigurationIsVisible = 0;
			defaultConfigurationName = Release;
		};
		4112FCFC1FC2C34E00D8C2AF /* Build configuration list for PBXNativeTarget "tl-media-iosUITests" */ = {
			isa = XCConfigurationList;
			buildConfigurations = (
				4112FCFD1FC2C34E00D8C2AF /* Debug */,
				4112FCFE1FC2C34E00D8C2AF /* Release */,
			);
			defaultConfigurationIsVisible = 0;
			defaultConfigurationName = Release;
		};
/* End XCConfigurationList section */
	};
	rootObject = 4112FCC61FC2C34E00D8C2AF /* Project object */;
}
